
Microsoft Visual Studio Solution File, Format Version 12.00
# Visual Studio 2013
VisualStudioVersion = 12.0.21005.1
MinimumVisualStudioVersion = 10.0.40219.1
Project("{FAE04EC0-301F-11D3-BF4B-00C04F79EFBC}") = "MiniTrello.Domain", "MiTrello.Domain\MiniTrello.Domain.csproj", "{ECDF8611-C8A9-42B8-A412-0450EFAE0AEB}"
EndProject
Project("{FAE04EC0-301F-11D3-BF4B-00C04F79EFBC}") = "MiniTrello.Data", "MiniTrello.Data\MiniTrello.Data.csproj", "{A854B59C-A908-4926-8CC5-FB4277F3B4DB}"
EndProject
Project("{FAE04EC0-301F-11D3-BF4B-00C04F79EFBC}") = "MiniTrello.DatabaseDeployer", "MiniTrello.DatabaseDeployer\MiniTrello.DatabaseDeployer.csproj", "{0A7244E6-8907-4683-A6B7-0F886D073CA0}"
EndProject
Project("{FAE04EC0-301F-11D3-BF4B-00C04F79EFBC}") = "MiniTrello.Web", "MiniTrello.Web\MiniTrello.Web.csproj", "{CBCFFA89-C961-49C7-8369-6C85A38F093D}"
EndProject
Project("{FAE04EC0-301F-11D3-BF4B-00C04F79EFBC}") = "MiniTrello.Api", "MiniTrello.Api\MiniTrello.Api.csproj", "{BCA0B89B-CCC5-4534-952B-78FD57C8CBB6}"
EndProject
Project("{FAE04EC0-301F-11D3-BF4B-00C04F79EFBC}") = "MiniTrello.Infrastructure", "MiniTrello.Infrastructure\MiniTrello.Infrastructure.csproj", "{A60BA21D-C58A-4846-BB43-FDCE2FC64A20}"
EndProject
Global
	GlobalSection(SolutionConfigurationPlatforms) = preSolution
		Debug|Any CPU = Debug|Any CPU
		Release|Any CPU = Release|Any CPU
	EndGlobalSection
	GlobalSection(ProjectConfigurationPlatforms) = postSolution
		{ECDF8611-C8A9-42B8-A412-0450EFAE0AEB}.Debug|Any CPU.ActiveCfg = Debug|Any CPU
		{ECDF8611-C8A9-42B8-A412-0450EFAE0AEB}.Debug|Any CPU.Build.0 = Debug|Any CPU
		{ECDF8611-C8A9-42B8-A412-0450EFAE0AEB}.Release|Any CPU.ActiveCfg = Release|Any CPU
		{ECDF8611-C8A9-42B8-A412-0450EFAE0AEB}.Release|Any CPU.Build.0 = Release|Any CPU
		{A854B59C-A908-4926-8CC5-FB4277F3B4DB}.Debug|Any CPU.ActiveCfg = Debug|Any CPU
		{A854B59C-A908-4926-8CC5-FB4277F3B4DB}.Debug|Any CPU.Build.0 = Debug|Any CPU
		{A854B59C-A908-4926-8CC5-FB4277F3B4DB}.Release|Any CPU.ActiveCfg = Release|Any CPU
		{A854B59C-A908-4926-8CC5-FB4277F3B4DB}.Release|Any CPU.Build.0 = Release|Any CPU
		{0A7244E6-8907-4683-A6B7-0F886D073CA0}.Debug|Any CPU.ActiveCfg = Debug|Any CPU
		{0A7244E6-8907-4683-A6B7-0F886D073CA0}.Debug|Any CPU.Build.0 = Debug|Any CPU
		{0A7244E6-8907-4683-A6B7-0F886D073CA0}.Release|Any CPU.ActiveCfg = Release|Any CPU
		{0A7244E6-8907-4683-A6B7-0F886D073CA0}.Release|Any CPU.Build.0 = Release|Any CPU
		{CBCFFA89-C961-49C7-8369-6C85A38F093D}.Debug|Any CPU.ActiveCfg = Debug|Any CPU
		{CBCFFA89-C961-49C7-8369-6C85A38F093D}.Debug|Any CPU.Build.0 = Debug|Any CPU
		{CBCFFA89-C961-49C7-8369-6C85A38F093D}.Release|Any CPU.ActiveCfg = Release|Any CPU
		{CBCFFA89-C961-49C7-8369-6C85A38F093D}.Release|Any CPU.Build.0 = Release|Any CPU
		{BCA0B89B-CCC5-4534-952B-78FD57C8CBB6}.Debug|Any CPU.ActiveCfg = Debug|Any CPU
		{BCA0B89B-CCC5-4534-952B-78FD57C8CBB6}.Debug|Any CPU.Build.0 = Debug|Any CPU
		{BCA0B89B-CCC5-4534-952B-78FD57C8CBB6}.Release|Any CPU.ActiveCfg = Release|Any CPU
		{BCA0B89B-CCC5-4534-952B-78FD57C8CBB6}.Release|Any CPU.Build.0 = Release|Any CPU
		{A60BA21D-C58A-4846-BB43-FDCE2FC64A20}.Debug|Any CPU.ActiveCfg = Debug|Any CPU
		{A60BA21D-C58A-4846-BB43-FDCE2FC64A20}.Debug|Any CPU.Build.0 = Debug|Any CPU
		{A60BA21D-C58A-4846-BB43-FDCE2FC64A20}.Release|Any CPU.ActiveCfg = Release|Any CPU
		{A60BA21D-C58A-4846-BB43-FDCE2FC64A20}.Release|Any CPU.Build.0 = Release|Any CPU
	EndGlobalSection
	GlobalSection(SolutionProperties) = preSolution
		HideSolutionNode = FALSE
	EndGlobalSection
EndGlobal
